
Microsoft Visual Studio Solution File, Format Version 12.00
# Visual Studio Version 17
VisualStudioVersion = 17.5.33516.290
MinimumVisualStudioVersion = 10.0.40219.1
Project("{FAE04EC0-301F-11D3-BF4B-00C04F79EFBC}") = "ExercicioPolimorfismo2", "ExercicioPolimorfismo2\ExercicioPolimorfismo2.csproj", "{D60955E2-57A5-4BAA-B3F2-13A9A762844F}"
EndProject
Global
	GlobalSection(SolutionConfigurationPlatforms) = preSolution
		Debug|Any CPU = Debug|Any CPU
		Release|Any CPU = Release|Any CPU
	EndGlobalSection
	GlobalSection(ProjectConfigurationPlatforms) = postSolution
		{D60955E2-57A5-4BAA-B3F2-13A9A762844F}.Debug|Any CPU.ActiveCfg = Debug|Any CPU
		{D60955E2-57A5-4BAA-B3F2-13A9A762844F}.Debug|Any CPU.Build.0 = Debug|Any CPU
		{D60955E2-57A5-4BAA-B3F2-13A9A762844F}.Release|Any CPU.ActiveCfg = Release|Any CPU
		{D60955E2-57A5-4BAA-B3F2-13A9A762844F}.Release|Any CPU.Build.0 = Release|Any CPU
	EndGlobalSection
	GlobalSection(SolutionProperties) = preSolution
		HideSolutionNode = FALSE
	EndGlobalSection
	GlobalSection(ExtensibilityGlobals) = postSolution
		SolutionGuid = {CC53CC7B-5388-4460-B1AA-193297CF15EF}
	EndGlobalSection
EndGlobal
